github.com/veandco/go-sdl2 v0.0.0-20180925095440-75ff82abc4e3 h1:S1dvzp6ZDdmz1M4oRQ6ceLwU6ZDCNvIa20zhJRHyKgE=
github.com/veandco/go-sdl2 v0.0.0-20180925095440-75ff82abc4e3/go.mod h1:FB+kTpX9YTE+urhYiClnRzpOXbiWgaU3+5F2AB78DPg=
github.com/xyproto/pf v0.0.0-20180825074910-a560e15bd519 h1:aszWcm2RyzCFvHq+C1gmgLfsZBMBTpEzRC5AB8FwLv8=
github.com/xyproto/pf v0.0.0-20180825074910-a560e15bd519/go.mod h1:gFY4ElmPdzIugLXkqXbHZ/5YPyMrApUTDXawHCj9KBI=
github.com/xyproto/pf v0.0.0-20181025124322-7074da227fa9 h1:UsQBNAQ/hTarBDZzMIFsJLZnsaY06M2aWX63SyGg0X4=
github.com/xyproto/pf v0.0.0-20181025124322-7074da227fa9/go.mod h1:gFY4ElmPdzIugLXkqXbHZ/5YPyMrApUTDXawHCj9KBI=
github.com/xyproto/sdl2utils v0.0.0-20180825143422-1d41a661b4cb h1:KxAQtJk6dsWITscEKXKrEO+cGZ3WqQgSNCYYxCmOWtA=
github.com/xyproto/sdl2utils v0.0.0-20180825143422-1d41a661b4cb/go.mod h1:/SEUe3Ed5TBJ6kjWqEob0E49WFaAykUUx3WrlIEbl0g=
